<?xml version="1.0" encoding="utf-8"?>
<Project ToolsVersion="4.0" xmlns="http://schemas.microsoft.com/developer/msbuild/2003">
  <ItemGroup>
    <Filter Include="Includes">
      <UniqueIdentifier>{5eead2cc-5a4e-4e03-91d5-5c02c94a12f0}</UniqueIdentifier>
    </Filter>
    <Filter Include="Sources">
      <UniqueIdentifier>{a82067c7-ce2a-462b-a9c2-9cb505520cf7}</UniqueIdentifier>
    </Filter>
  </ItemGroup>
  <ItemGroup>
    <ClCompile Include="Sources\File.cpp">
      <Filter>Sources</Filter>
    </ClCompile>
    <ClCompile Include="Sources\Log.cpp">
      <Filter>Sources</Filter>
    </ClCompile>
    <ClCompile Include="Sources\tinyxml2.cpp">
      <Filter>Sources</Filter>
    </ClCompile>
    <ClCompile Include="Sources\Engine.cpp">
      <Filter>Sources</Filter>
    </ClCompile>
    <ClCompile Include="Sources\SDL_FontCache.c">
      <Filter>Sources</Filter>
    </ClCompile>
    <ClCompile Include="Sources\StateMachine.cpp">
      <Filter>Sources</Filter>
    </ClCompile>
    <ClCompile Include="Sources\Delegate.cpp">
      <Filter>Sources</Filter>
    </ClCompile>
    <ClCompile Include="Sources\Collision.cpp">
      <Filter>Sources</Filter>
    </ClCompile>
    <ClCompile Include="Sources\Vec2D.cpp">
      <Filter>Sources</Filter>
    </ClCompile>
    <ClCompile Include="Sources\MathUtils.cpp">
      <Filter>Sources</Filter>
    </ClCompile>
    <ClCompile Include="Sources\Animation.cpp">
      <Filter>Sources</Filter>
    </ClCompile>
    <ClCompile Include="Sources\TaskManager.cpp">
      <Filter>Sources</Filter>
    </ClCompile>
    <ClCompile Include="Sources\Profiler.cpp">
      <Filter>Sources</Filter>
    </ClCompile>
    <ClCompile Include="Sources\Stopwatch.cpp">
      <Filter>Sources</Filter>
    </ClCompile>
  </ItemGroup>
  <ItemGroup>
    <ClInclude Include="Includes\File.h">
      <Filter>Includes</Filter>
    </ClInclude>
    <ClInclude Include="Includes\Log.h">
      <Filter>Includes</Filter>
    </ClInclude>
    <ClInclude Include="Includes\Engine.h">
      <Filter>Includes</Filter>
    </ClInclude>
    <ClInclude Include="Includes\Rect.h">
      <Filter>Includes</Filter>
    </ClInclude>
    <ClInclude Include="Includes\SDL_FontCache.h">
      <Filter>Includes</Filter>
    </ClInclude>
    <ClInclude Include="Includes\StateMachine.h">
      <Filter>Includes</Filter>
    </ClInclude>
    <ClInclude Include="Includes\tinyxml2.h">
      <Filter>Includes</Filter>
    </ClInclude>
    <ClInclude Include="Includes\Delegate.h">
      <Filter>Includes</Filter>
    </ClInclude>
    <ClInclude Include="Includes\Collision.h">
      <Filter>Includes</Filter>
    </ClInclude>
    <ClInclude Include="Includes\Vec2D.h">
      <Filter>Includes</Filter>
    </ClInclude>
    <ClInclude Include="Includes\MathUtils.h">
      <Filter>Includes</Filter>
    </ClInclude>
    <ClInclude Include="Includes\Animation.h">
      <Filter>Includes</Filter>
    </ClInclude>
    <ClInclude Include="Includes\TaskManager.h">
      <Filter>Includes</Filter>
    </ClInclude>
    <ClInclude Include="Includes\Profiler.h">
      <Filter>Includes</Filter>
    </ClInclude>
    <ClInclude Include="Includes\Stopwatch.h">
      <Filter>Includes</Filter>
    </ClInclude>
  </ItemGroup>
</Project>